// !$*UTF8*$!
{
	archiveVersion = 1;
	classes = {
	};
	objectVersion = 50;
	objects = {

/* Begin PBXBuildFile section */
		043C184924AB214F0085A57F /* StorageManager.swift in Sources */ = {isa = PBXBuildFile; fileRef = 043C184824AB214F0085A57F /* StorageManager.swift */; };
		A8E02C7624AA564E0060666A /* AppDelegate.swift in Sources */ = {isa = PBXBuildFile; fileRef = A8E02C7524AA564E0060666A /* AppDelegate.swift */; };
		A8E02C7A24AA564E0060666A /* TaskListViewController.swift in Sources */ = {isa = PBXBuildFile; fileRef = A8E02C7924AA564E0060666A /* TaskListViewController.swift */; };
		A8E02C8024AA564E0060666A /* CoreDataDemoApp.xcdatamodeld in Sources */ = {isa = PBXBuildFile; fileRef = A8E02C7E24AA564E0060666A /* CoreDataDemoApp.xcdatamodeld */; };
		A8E02C8224AA56510060666A /* Assets.xcassets in Resources */ = {isa = PBXBuildFile; fileRef = A8E02C8124AA56510060666A /* Assets.xcassets */; };
		A8E02C8524AA56510060666A /* LaunchScreen.storyboard in Resources */ = {isa = PBXBuildFile; fileRef = A8E02C8324AA56510060666A /* LaunchScreen.storyboard */; };
		A8E02C8D24AA5C970060666A /* NewTaskViewController.swift in Sources */ = {isa = PBXBuildFile; fileRef = A8E02C8C24AA5C970060666A /* NewTaskViewController.swift */; };
/* End PBXBuildFile section */

/* Begin PBXFileReference section */
		043C184824AB214F0085A57F /* StorageManager.swift */ = {isa = PBXFileReference; lastKnownFileType = sourcecode.swift; path = StorageManager.swift; sourceTree = "<group>"; };
		A8E02C7224AA564E0060666A /* CoreDataDemoApp.app */ = {isa = PBXFileReference; explicitFileType = wrapper.application; includeInIndex = 0; path = CoreDataDemoApp.app; sourceTree = BUILT_PRODUCTS_DIR; };
		A8E02C7524AA564E0060666A /* AppDelegate.swift */ = {isa = PBXFileReference; lastKnownFileType = sourcecode.swift; path = AppDelegate.swift; sourceTree = "<group>"; };
		A8E02C7924AA564E0060666A /* TaskListViewController.swift */ = {isa = PBXFileReference; lastKnownFileType = sourcecode.swift; path = TaskListViewController.swift; sourceTree = "<group>"; };
		A8E02C7F24AA564E0060666A /* CoreDataDemoApp.xcdatamodel */ = {isa = PBXFileReference; lastKnownFileType = wrapper.xcdatamodel; path = CoreDataDemoApp.xcdatamodel; sourceTree = "<group>"; };
		A8E02C8124AA56510060666A /* Assets.xcassets */ = {isa = PBXFileReference; lastKnownFileType = folder.assetcatalog; path = Assets.xcassets; sourceTree = "<group>"; };
		A8E02C8424AA56510060666A /* Base */ = {isa = PBXFileReference; lastKnownFileType = file.storyboard; name = Base; path = Base.lproj/LaunchScreen.storyboard; sourceTree = "<group>"; };
		A8E02C8624AA56510060666A /* Info.plist */ = {isa = PBXFileReference; lastKnownFileType = text.plist.xml; path = Info.plist; sourceTree = "<group>"; };
		A8E02C8C24AA5C970060666A /* NewTaskViewController.swift */ = {isa = PBXFileReference; lastKnownFileType = sourcecode.swift; path = NewTaskViewController.swift; sourceTree = "<group>"; };
/* End PBXFileReference section */

/* Begin PBXFrameworksBuildPhase section */
		A8E02C6F24AA564E0060666A /* Frameworks */ = {
			isa = PBXFrameworksBuildPhase;
			buildActionMask = 2147483647;
			files = (
			);
			runOnlyForDeploymentPostprocessing = 0;
		};
/* End PBXFrameworksBuildPhase section */

/* Begin PBXGroup section */
		A8E02C6924AA564E0060666A = {
			isa = PBXGroup;
			children = (
				A8E02C7424AA564E0060666A /* CoreDataDemoApp */,
				A8E02C7324AA564E0060666A /* Products */,
			);
			sourceTree = "<group>";
		};
		A8E02C7324AA564E0060666A /* Products */ = {
			isa = PBXGroup;
			children = (
				A8E02C7224AA564E0060666A /* CoreDataDemoApp.app */,
			);
			name = Products;
			sourceTree = "<group>";
		};
		A8E02C7424AA564E0060666A /* CoreDataDemoApp */ = {
			isa = PBXGroup;
			children = (
				A8E02C7524AA564E0060666A /* AppDelegate.swift */,
				A8E02C7924AA564E0060666A /* TaskListViewController.swift */,
				043C184824AB214F0085A57F /* StorageManager.swift */,
				A8E02C8124AA56510060666A /* Assets.xcassets */,
				A8E02C8324AA56510060666A /* LaunchScreen.storyboard */,
				A8E02C8624AA56510060666A /* Info.plist */,
				A8E02C7E24AA564E0060666A /* CoreDataDemoApp.xcdatamodeld */,
				A8E02C8C24AA5C970060666A /* NewTaskViewController.swift */,
			);
			path = CoreDataDemoApp;
			sourceTree = "<group>";
		};
/* End PBXGroup section */

/* Begin PBXNativeTarget section */
		A8E02C7124AA564E0060666A /* CoreDataDemoApp */ = {
			isa = PBXNativeTarget;
			buildConfigurationList = A8E02C8924AA56510060666A /* Build configuration list for PBXNativeTarget "CoreDataDemoApp" */;
			buildPhases = (
				A8E02C6E24AA564E0060666A /* Sources */,
				A8E02C6F24AA564E0060666A /* Frameworks */,
				A8E02C7024AA564E0060666A /* Resources */,
			);
			buildRules = (
			);
			dependencies = (
			);
			name = CoreDataDemoApp;
			productName = CoreDataDemoApp;
			productReference = A8E02C7224AA564E0060666A /* CoreDataDemoApp.app */;
			productType = "com.apple.product-type.application";
		};
/* End PBXNativeTarget section */

/* Begin PBXProject section */
		A8E02C6A24AA564E0060666A /* Project object */ = {
			isa = PBXProject;
			attributes = {
				LastSwiftUpdateCheck = 1150;
				LastUpgradeCheck = 1150;
				ORGANIZATIONNAME = "Alexey Efimov";
				TargetAttributes = {
					A8E02C7124AA564E0060666A = {
						CreatedOnToolsVersion = 11.5;
					};
				};
			};
			buildConfigurationList = A8E02C6D24AA564E0060666A /* Build configuration list for PBXProject "CoreDataDemoApp" */;
			compatibilityVersion = "Xcode 9.3";
			developmentRegion = en;
			hasScannedForEncodings = 0;
			knownRegions = (
				en,
				Base,
			);
			mainGroup = A8E02C6924AA564E0060666A;
			productRefGroup = A8E02C7324AA564E0060666A /* Products */;
			projectDirPath = "";
			projectRoot = "";
			targets = (
				A8E02C7124AA564E0060666A /* CoreDataDemoApp */,
			);
		};
/* End PBXProject section */

/* Begin PBXResourcesBuildPhase section */
		A8E02C7024AA564E0060666A /* Resources */ = {
			isa = PBXResourcesBuildPhase;
			buildActionMask = 2147483647;
			files = (
				A8E02C8524AA56510060666A /* LaunchScreen.storyboard in Resources */,
				A8E02C8224AA56510060666A /* Assets.xcassets in Resources */,
			);
			runOnlyForDeploymentPostprocessing = 0;
		};
/* End PBXResourcesBuildPhase section */

/* Begin PBXSourcesBuildPhase section */
		A8E02C6E24AA564E0060666A /* Sources */ = {
			isa = PBXSourcesBuildPhase;
			buildActionMask = 2147483647;
			files = (
				A8E02C7A24AA564E0060666A /* TaskListViewController.swift in Sources */,
				A8E02C8024AA564E0060666A /* CoreDataDemoApp.xcdatamodeld in Sources */,
				043C184924AB214F0085A57F /* StorageManager.swift in Sources */,
				A8E02C8D24AA5C970060666A /* NewTaskViewController.swift in Sources */,
				A8E02C7624AA564E0060666A /* AppDelegate.swift in Sources */,
			);
			runOnlyForDeploymentPostprocessing = 0;
		};
/* End PBXSourcesBuildPhase section */

/* Begin PBXVariantGroup section */
		A8E02C8324AA56510060666A /* LaunchScreen.storyboard */ = {
			isa = PBXVariantGroup;
			children = (
				A8E02C8424AA56510060666A /* Base */,
			);
			name = LaunchScreen.storyboard;
			sourceTree = "<group>";
		};
/* End PBXVariantGroup section */

/* Begin XCBuildConfiguration section */
		A8E02C8724AA56510060666A /* Debug */ = {
			isa = XCBuildConfiguration;
			buildSettings = {
				ALWAYS_SEARCH_USER_PATHS = NO;
				CLANG_ANALYZER_NONNULL = YES;
				CLANG_ANALYZER_NUMBER_OBJECT_CONVERSION = YES_AGGRESSIVE;
				CLANG_CXX_LANGUAGE_STANDARD = "gnu++14";
				CLANG_CXX_LIBRARY = "libc++";
				CLANG_ENABLE_MODULES = YES;
				CLANG_ENABLE_OBJC_ARC = YES;
				CLANG_ENABLE_OBJC_WEAK = YES;
				CLANG_WARN_BLOCK_CAPTURE_AUTORELEASING = YES;
				CLANG_WARN_BOOL_CONVERSION = YES;
				CLANG_WARN_COMMA = YES;
				CLANG_WARN_CONSTANT_CONVERSION = YES;
				CLANG_WARN_DEPRECATED_OBJC_IMPLEMENTATIONS = YES;
				CLANG_WARN_DIRECT_OBJC_ISA_USAGE = YES_ERROR;
				CLANG_WARN_DOCUMENTATION_COMMENTS = YES;
				CLANG_WARN_EMPTY_BODY = YES;
				CLANG_WARN_ENUM_CONVERSION = YES;
				CLANG_WARN_INFINITE_RECURSION = YES;
				CLANG_WARN_INT_CONVERSION = YES;
				CLANG_WARN_NON_LITERAL_NULL_CONVERSION = YES;
				CLANG_WARN_OBJC_IMPLICIT_RETAIN_SELF = YES;
				CLANG_WARN_OBJC_LITERAL_CONVERSION = YES;
				CLANG_WARN_OBJC_ROOT_CLASS = YES_ERROR;
				CLANG_WARN_RANGE_LOOP_ANALYSIS = YES;
				CLANG_WARN_STRICT_PROTOTYPES = YES;
				CLANG_WARN_SUSPICIOUS_MOVE = YES;
				CLANG_WARN_UNGUARDED_AVAILABILITY = YES_AGGRESSIVE;
				CLANG_WARN_UNREACHABLE_CODE = YES;
				CLANG_WARN__DUPLICATE_METHOD_MATCH = YES;
				COPY_PHASE_STRIP = NO;
				DEBUG_INFORMATION_FORMAT = dwarf;
				ENABLE_STRICT_OBJC_MSGSEND = YES;
				ENABLE_TESTABILITY = YES;
				GCC_C_LANGUAGE_STANDARD = gnu11;
				GCC_DYNAMIC_NO_PIC = NO;
				GCC_NO_COMMON_BLOCKS = YES;
				GCC_OPTIMIZATION_LEVEL = 0;
				GCC_PREPROCESSOR_DEFINITIONS = (
					"DEBUG=1",
					"$(inherited)",
				);
				GCC_WARN_64_TO_32_BIT_CONVERSION = YES;
				GCC_WARN_ABOUT_RETURN_TYPE = YES_ERROR;
				GCC_WARN_UNDECLARED_SELECTOR = YES;
				GCC_WARN_UNINITIALIZED_AUTOS = YES_AGGRESSIVE;
				GCC_WARN_UNUSED_FUNCTION = YES;
				GCC_WARN_UNUSED_VARIABLE = YES;
				IPHONEOS_DEPLOYMENT_TARGET = 13.5;
				MTL_ENABLE_DEBUG_INFO = INCLUDE_SOURCE;
				MTL_FAST_MATH = YES;
				ONLY_ACTIVE_ARCH = YES;
				SDKROOT = iphoneos;
				SWIFT_ACTIVE_COMPILATION_CONDITIONS = DEBUG;
				SWIFT_OPTIMIZATION_LEVEL = "-Onone";
			};
			name = Debug;
		};
		A8E02C8824AA56510060666A /* Release */ = {
			isa = XCBuildConfiguration;
			buildSettings = {
				ALWAYS_SEARCH_USER_PATHS = NO;
				CLANG_ANALYZER_NONNULL = YES;
				CLANG_ANALYZER_NUMBER_OBJECT_CONVERSION = YES_AGGRESSIVE;
				CLANG_CXX_LANGUAGE_STANDARD = "gnu++14";
				CLANG_CXX_LIBRARY = "libc++";
				CLANG_ENABLE_MODULES = YES;
				CLANG_ENABLE_OBJC_ARC = YES;
				CLANG_ENABLE_OBJC_WEAK = YES;
				CLANG_WARN_BLOCK_CAPTURE_AUTORELEASING = YES;
				CLANG_WARN_BOOL_CONVERSION = YES;
				CLANG_WARN_COMMA = YES;
				CLANG_WARN_CONSTANT_CONVERSION = YES;
				CLANG_WARN_DEPRECATED_OBJC_IMPLEMENTATIONS = YES;
				CLANG_WARN_DIRECT_OBJC_ISA_USAGE = YES_ERROR;
				CLANG_WARN_DOCUMENTATION_COMMENTS = YES;
				CLANG_WARN_EMPTY_BODY = YES;
				CLANG_WARN_ENUM_CONVERSION = YES;
				CLANG_WARN_INFINITE_RECURSION = YES;
				CLANG_WARN_INT_CONVERSION = YES;
				CLANG_WARN_NON_LITERAL_NULL_CONVERSION = YES;
				CLANG_WARN_OBJC_IMPLICIT_RETAIN_SELF = YES;
				CLANG_WARN_OBJC_LITERAL_CONVERSION = YES;
				CLANG_WARN_OBJC_ROOT_CLASS = YES_ERROR;
				CLANG_WARN_RANGE_LOOP_ANALYSIS = YES;
				CLANG_WARN_STRICT_PROTOTYPES = YES;
				CLANG_WARN_SUSPICIOUS_MOVE = YES;
				CLANG_WARN_UNGUARDED_AVAILABILITY = YES_AGGRESSIVE;
				CLANG_WARN_UNREACHABLE_CODE = YES;
				CLANG_WARN__DUPLICATE_METHOD_MATCH = YES;
				COPY_PHASE_STRIP = NO;
				DEBUG_INFORMATION_FORMAT = "dwarf-with-dsym";
				ENABLE_NS_ASSERTIONS = NO;
				ENABLE_STRICT_OBJC_MSGSEND = YES;
				GCC_C_LANGUAGE_STANDARD = gnu11;
				GCC_NO_COMMON_BLOCKS = YES;
				GCC_WARN_64_TO_32_BIT_CONVERSION = YES;
				GCC_WARN_ABOUT_RETURN_TYPE = YES_ERROR;
				GCC_WARN_UNDECLARED_SELECTOR = YES;
				GCC_WARN_UNINITIALIZED_AUTOS = YES_AGGRESSIVE;
				GCC_WARN_UNUSED_FUNCTION = YES;
				GCC_WARN_UNUSED_VARIABLE = YES;
				IPHONEOS_DEPLOYMENT_TARGET = 13.5;
				MTL_ENABLE_DEBUG_INFO = NO;
				MTL_FAST_MATH = YES;
				SDKROOT = iphoneos;
				SWIFT_COMPILATION_MODE = wholemodule;
				SWIFT_OPTIMIZATION_LEVEL = "-O";
				VALIDATE_PRODUCT = YES;
			};
			name = Release;
		};
		A8E02C8A24AA56510060666A /* Debug */ = {
			isa = XCBuildConfiguration;
			buildSettings = {
				ASSETCATALOG_COMPILER_APPICON_NAME = AppIcon;
				CODE_SIGN_STYLE = Automatic;
				DEVELOPMENT_TEAM = GBTTU32HS2;
				INFOPLIST_FILE = CoreDataDemoApp/Info.plist;
				LD_RUNPATH_SEARCH_PATHS = (
					"$(inherited)",
					"@executable_path/Frameworks",
				);
				PRODUCT_BUNDLE_IDENTIFIER = ru.swiftbook.CoreDataDemoApp;
				PRODUCT_NAME = "$(TARGET_NAME)";
				SWIFT_VERSION = 5.0;
				TARGETED_DEVICE_FAMILY = "1,2";
			};
			name = Debug;
		};
		A8E02C8B24AA56510060666A /* Release */ = {
			isa = XCBuildConfiguration;
			buildSettings = {
				ASSETCATALOG_COMPILER_APPICON_NAME = AppIcon;
				CODE_SIGN_STYLE = Automatic;
				DEVELOPMENT_TEAM = GBTTU32HS2;
				INFOPLIST_FILE = CoreDataDemoApp/Info.plist;
				LD_RUNPATH_SEARCH_PATHS = (
					"$(inherited)",
					"@executable_path/Frameworks",
				);
				PRODUCT_BUNDLE_IDENTIFIER = ru.swiftbook.CoreDataDemoApp;
				PRODUCT_NAME = "$(TARGET_NAME)";
				SWIFT_VERSION = 5.0;
				TARGETED_DEVICE_FAMILY = "1,2";
			};
			name = Release;
		};
/* End XCBuildConfiguration section */

/* Begin XCConfigurationList section */
		A8E02C6D24AA564E0060666A /* Build configuration list for PBXProject "CoreDataDemoApp" */ = {
			isa = XCConfigurationList;
			buildConfigurations = (
				A8E02C8724AA56510060666A /* Debug */,
				A8E02C8824AA56510060666A /* Release */,
			);
			defaultConfigurationIsVisible = 0;
			defaultConfigurationName = Release;
		};
		A8E02C8924AA56510060666A /* Build configuration list for PBXNativeTarget "CoreDataDemoApp" */ = {
			isa = XCConfigurationList;
			buildConfigurations = (
				A8E02C8A24AA56510060666A /* Debug */,
				A8E02C8B24AA56510060666A /* Release */,
			);
			defaultConfigurationIsVisible = 0;
			defaultConfigurationName = Release;
		};
/* End XCConfigurationList section */

/* Begin XCVersionGroup section */
		A8E02C7E24AA564E0060666A /* CoreDataDemoApp.xcdatamodeld */ = {
			isa = XCVersionGroup;
			children = (
				A8E02C7F24AA564E0060666A /* CoreDataDemoApp.xcdatamodel */,
			);
			currentVersion = A8E02C7F24AA564E0060666A /* CoreDataDemoApp.xcdatamodel */;
			path = CoreDataDemoApp.xcdatamodeld;
			sourceTree = "<group>";
			versionGroupType = wrapper.xcdatamodel;
		};
/* End XCVersionGroup section */
	};
	rootObject = A8E02C6A24AA564E0060666A /* Project object */;
}
